
Microsoft Visual Studio Solution File, Format Version 12.00
# Visual Studio Version 16
VisualStudioVersion = 16.0.30128.36
MinimumVisualStudioVersion = 10.0.40219.1
Project("{2150E333-8FDC-42A3-9474-1A3956D46DE8}") = "02. Models", "02. Models", "{0EB4A144-1700-45A8-9CBB-E060CA8101FC}"
EndProject
Project("{2150E333-8FDC-42A3-9474-1A3956D46DE8}") = "03. Services", "03. Services", "{C5E71DDF-F520-4891-B3E8-D7D756F93A76}"
EndProject
Project("{2150E333-8FDC-42A3-9474-1A3956D46DE8}") = "05. UnitOfWork", "05. UnitOfWork", "{D30456B8-0F52-46FF-B9DB-E3417DA914D2}"
EndProject
Project("{2150E333-8FDC-42A3-9474-1A3956D46DE8}") = "04. Repository", "04. Repository", "{127710E8-AFC9-488E-BEA6-15F3C7E51160}"
EndProject
Project("{9A19103F-16F7-4668-BE54-9A1E7A4F7556}") = "UnitOfWork.Interfaces", "src\UnitOfWork.Interfaces\UnitOfWork.Interfaces.csproj", "{F03169D6-BD9C-4EBB-BBF3-55E2EFA85E9B}"
EndProject
Project("{9A19103F-16F7-4668-BE54-9A1E7A4F7556}") = "UnitOfWork.Json", "src\UnitOfWork.Json\UnitOfWork.Json.csproj", "{7DC4B05B-685D-4F22-BF59-787B450FC42A}"
EndProject
Project("{9A19103F-16F7-4668-BE54-9A1E7A4F7556}") = "Repository.Json", "src\Repository.Json\Repository.Json.csproj", "{90C41743-C13E-48FA-8E02-8509451280D9}"
EndProject
Project("{9A19103F-16F7-4668-BE54-9A1E7A4F7556}") = "Models", "src\Models\Models.csproj", "{E945D661-DB75-414F-B849-EF03A453AF3B}"
EndProject
Project("{9A19103F-16F7-4668-BE54-9A1E7A4F7556}") = "Repository.Interfaces", "src\Repository.Interfaces\Repository.Interfaces.csproj", "{E2E835AF-60F3-483E-9196-512199A15915}"
EndProject
Project("{9A19103F-16F7-4668-BE54-9A1E7A4F7556}") = "Services", "src\Services\Services.csproj", "{19E59B50-EC0A-4F59-9D8B-24682BFB312D}"
EndProject
Project("{2150E333-8FDC-42A3-9474-1A3956D46DE8}") = "01. API", "01. API", "{F36A1416-993A-4749-8799-A505F2D04493}"
EndProject
Project("{9A19103F-16F7-4668-BE54-9A1E7A4F7556}") = "API", "src\API\API.csproj", "{945DF432-CAF8-43D1-B766-50D5FB9BA4D0}"
EndProject
Project("{2150E333-8FDC-42A3-9474-1A3956D46DE8}") = "06. Common", "06. Common", "{9F568FFA-51F7-4AE0-9A37-3D1204C52E3A}"
EndProject
Project("{FAE04EC0-301F-11D3-BF4B-00C04F79EFBC}") = "Common.Collection", "src\Common.Collection\Common.Collection.csproj", "{66FB2B4D-FFC9-43A3-9F64-C3B905A90EC8}"
EndProject
Project("{FAE04EC0-301F-11D3-BF4B-00C04F79EFBC}") = "Common.Paging", "src\Common.Paging\Common.Paging.csproj", "{C380E6A4-4309-4A49-9B60-AC88CBCB0B4F}"
EndProject
Global
	GlobalSection(SolutionConfigurationPlatforms) = preSolution
		Debug|Any CPU = Debug|Any CPU
		Release|Any CPU = Release|Any CPU
	EndGlobalSection
	GlobalSection(ProjectConfigurationPlatforms) = postSolution
		{F03169D6-BD9C-4EBB-BBF3-55E2EFA85E9B}.Debug|Any CPU.ActiveCfg = Debug|Any CPU
		{F03169D6-BD9C-4EBB-BBF3-55E2EFA85E9B}.Debug|Any CPU.Build.0 = Debug|Any CPU
		{F03169D6-BD9C-4EBB-BBF3-55E2EFA85E9B}.Release|Any CPU.ActiveCfg = Release|Any CPU
		{F03169D6-BD9C-4EBB-BBF3-55E2EFA85E9B}.Release|Any CPU.Build.0 = Release|Any CPU
		{7DC4B05B-685D-4F22-BF59-787B450FC42A}.Debug|Any CPU.ActiveCfg = Debug|Any CPU
		{7DC4B05B-685D-4F22-BF59-787B450FC42A}.Debug|Any CPU.Build.0 = Debug|Any CPU
		{7DC4B05B-685D-4F22-BF59-787B450FC42A}.Release|Any CPU.ActiveCfg = Release|Any CPU
		{7DC4B05B-685D-4F22-BF59-787B450FC42A}.Release|Any CPU.Build.0 = Release|Any CPU
		{90C41743-C13E-48FA-8E02-8509451280D9}.Debug|Any CPU.ActiveCfg = Debug|Any CPU
		{90C41743-C13E-48FA-8E02-8509451280D9}.Debug|Any CPU.Build.0 = Debug|Any CPU
		{90C41743-C13E-48FA-8E02-8509451280D9}.Release|Any CPU.ActiveCfg = Release|Any CPU
		{90C41743-C13E-48FA-8E02-8509451280D9}.Release|Any CPU.Build.0 = Release|Any CPU
		{E945D661-DB75-414F-B849-EF03A453AF3B}.Debug|Any CPU.ActiveCfg = Debug|Any CPU
		{E945D661-DB75-414F-B849-EF03A453AF3B}.Debug|Any CPU.Build.0 = Debug|Any CPU
		{E945D661-DB75-414F-B849-EF03A453AF3B}.Release|Any CPU.ActiveCfg = Release|Any CPU
		{E945D661-DB75-414F-B849-EF03A453AF3B}.Release|Any CPU.Build.0 = Release|Any CPU
		{E2E835AF-60F3-483E-9196-512199A15915}.Debug|Any CPU.ActiveCfg = Debug|Any CPU
		{E2E835AF-60F3-483E-9196-512199A15915}.Debug|Any CPU.Build.0 = Debug|Any CPU
		{E2E835AF-60F3-483E-9196-512199A15915}.Release|Any CPU.ActiveCfg = Release|Any CPU
		{E2E835AF-60F3-483E-9196-512199A15915}.Release|Any CPU.Build.0 = Release|Any CPU
		{19E59B50-EC0A-4F59-9D8B-24682BFB312D}.Debug|Any CPU.ActiveCfg = Debug|Any CPU
		{19E59B50-EC0A-4F59-9D8B-24682BFB312D}.Debug|Any CPU.Build.0 = Debug|Any CPU
		{19E59B50-EC0A-4F59-9D8B-24682BFB312D}.Release|Any CPU.ActiveCfg = Release|Any CPU
		{19E59B50-EC0A-4F59-9D8B-24682BFB312D}.Release|Any CPU.Build.0 = Release|Any CPU
		{945DF432-CAF8-43D1-B766-50D5FB9BA4D0}.Debug|Any CPU.ActiveCfg = Debug|Any CPU
		{945DF432-CAF8-43D1-B766-50D5FB9BA4D0}.Debug|Any CPU.Build.0 = Debug|Any CPU
		{945DF432-CAF8-43D1-B766-50D5FB9BA4D0}.Release|Any CPU.ActiveCfg = Release|Any CPU
		{945DF432-CAF8-43D1-B766-50D5FB9BA4D0}.Release|Any CPU.Build.0 = Release|Any CPU
		{66FB2B4D-FFC9-43A3-9F64-C3B905A90EC8}.Debug|Any CPU.ActiveCfg = Debug|Any CPU
		{66FB2B4D-FFC9-43A3-9F64-C3B905A90EC8}.Debug|Any CPU.Build.0 = Debug|Any CPU
		{66FB2B4D-FFC9-43A3-9F64-C3B905A90EC8}.Release|Any CPU.ActiveCfg = Release|Any CPU
		{66FB2B4D-FFC9-43A3-9F64-C3B905A90EC8}.Release|Any CPU.Build.0 = Release|Any CPU
		{C380E6A4-4309-4A49-9B60-AC88CBCB0B4F}.Debug|Any CPU.ActiveCfg = Debug|Any CPU
		{C380E6A4-4309-4A49-9B60-AC88CBCB0B4F}.Debug|Any CPU.Build.0 = Debug|Any CPU
		{C380E6A4-4309-4A49-9B60-AC88CBCB0B4F}.Release|Any CPU.ActiveCfg = Release|Any CPU
		{C380E6A4-4309-4A49-9B60-AC88CBCB0B4F}.Release|Any CPU.Build.0 = Release|Any CPU
	EndGlobalSection
	GlobalSection(SolutionProperties) = preSolution
		HideSolutionNode = FALSE
	EndGlobalSection
	GlobalSection(NestedProjects) = preSolution
		{F03169D6-BD9C-4EBB-BBF3-55E2EFA85E9B} = {D30456B8-0F52-46FF-B9DB-E3417DA914D2}
		{7DC4B05B-685D-4F22-BF59-787B450FC42A} = {D30456B8-0F52-46FF-B9DB-E3417DA914D2}
		{90C41743-C13E-48FA-8E02-8509451280D9} = {127710E8-AFC9-488E-BEA6-15F3C7E51160}
		{E945D661-DB75-414F-B849-EF03A453AF3B} = {0EB4A144-1700-45A8-9CBB-E060CA8101FC}
		{E2E835AF-60F3-483E-9196-512199A15915} = {127710E8-AFC9-488E-BEA6-15F3C7E51160}
		{19E59B50-EC0A-4F59-9D8B-24682BFB312D} = {C5E71DDF-F520-4891-B3E8-D7D756F93A76}
		{945DF432-CAF8-43D1-B766-50D5FB9BA4D0} = {F36A1416-993A-4749-8799-A505F2D04493}
		{66FB2B4D-FFC9-43A3-9F64-C3B905A90EC8} = {9F568FFA-51F7-4AE0-9A37-3D1204C52E3A}
		{C380E6A4-4309-4A49-9B60-AC88CBCB0B4F} = {9F568FFA-51F7-4AE0-9A37-3D1204C52E3A}
	EndGlobalSection
	GlobalSection(ExtensibilityGlobals) = postSolution
		SolutionGuid = {047F4481-A9E7-4CDB-8A65-FCC1CEC59AED}
	EndGlobalSection
EndGlobal
